// !$*UTF8*$!
{
	archiveVersion = 1;
	classes = {
	};
	objectVersion = 55;
	objects = {

/* Begin PBXBuildFile section */
		1D79AF8128850C5C00B0154C /* OnBoardingSPF.swift in Sources */ = {isa = PBXBuildFile; fileRef = 1D79AF8028850C5C00B0154C /* OnBoardingSPF.swift */; };
		1D79AF83288512C900B0154C /* OnBoardingChooseSPF.swift in Sources */ = {isa = PBXBuildFile; fileRef = 1D79AF82288512C900B0154C /* OnBoardingChooseSPF.swift */; };
		5602DF0E28804F390014FE22 /* ChooseSunscreenView.swift in Sources */ = {isa = PBXBuildFile; fileRef = 5602DF0D28804F390014FE22 /* ChooseSunscreenView.swift */; };
		569F99A32881176A00964BA9 /* DashboardView.swift in Sources */ = {isa = PBXBuildFile; fileRef = 569F99A22881176A00964BA9 /* DashboardView.swift */; };
		569F99A52881178800964BA9 /* DashboardView-ViewModel.swift in Sources */ = {isa = PBXBuildFile; fileRef = 569F99A42881178800964BA9 /* DashboardView-ViewModel.swift */; };
		56A296A628801CDC000EC91A /* nc3_app WatchKit App.app in Embed Watch Content */ = {isa = PBXBuildFile; fileRef = 56A296A528801CDC000EC91A /* nc3_app WatchKit App.app */; settings = {ATTRIBUTES = (RemoveHeadersOnCopy, ); }; };
		56A296AB28801CDD000EC91A /* Assets.xcassets in Resources */ = {isa = PBXBuildFile; fileRef = 56A296AA28801CDD000EC91A /* Assets.xcassets */; };
		56A296B128801CDD000EC91A /* nc3_app WatchKit Extension.appex in Embed App Extensions */ = {isa = PBXBuildFile; fileRef = 56A296B028801CDD000EC91A /* nc3_app WatchKit Extension.appex */; settings = {ATTRIBUTES = (RemoveHeadersOnCopy, ); }; };
		56A296B628801CDD000EC91A /* nc3_appApp.swift in Sources */ = {isa = PBXBuildFile; fileRef = 56A296B528801CDD000EC91A /* nc3_appApp.swift */; };
		56A296B828801CDD000EC91A /* ContentView.swift in Sources */ = {isa = PBXBuildFile; fileRef = 56A296B728801CDD000EC91A /* ContentView.swift */; };
		56A296BA28801CDD000EC91A /* NotificationController.swift in Sources */ = {isa = PBXBuildFile; fileRef = 56A296B928801CDD000EC91A /* NotificationController.swift */; };
		56A296BC28801CDD000EC91A /* NotificationView.swift in Sources */ = {isa = PBXBuildFile; fileRef = 56A296BB28801CDD000EC91A /* NotificationView.swift */; };
		56A296BE28801CDD000EC91A /* ComplicationController.swift in Sources */ = {isa = PBXBuildFile; fileRef = 56A296BD28801CDD000EC91A /* ComplicationController.swift */; };
		56A296C028801CDE000EC91A /* Assets.xcassets in Resources */ = {isa = PBXBuildFile; fileRef = 56A296BF28801CDE000EC91A /* Assets.xcassets */; };
		56A296C328801CDE000EC91A /* Preview Assets.xcassets in Resources */ = {isa = PBXBuildFile; fileRef = 56A296C228801CDE000EC91A /* Preview Assets.xcassets */; };
		56A296D82880229A000EC91A /* OneCallApiModel.swift in Sources */ = {isa = PBXBuildFile; fileRef = 56A296D72880229A000EC91A /* OneCallApiModel.swift */; };
		56A296DA28802DE0000EC91A /* FetchRequest.swift in Sources */ = {isa = PBXBuildFile; fileRef = 56A296D928802DE0000EC91A /* FetchRequest.swift */; };
		56A40B2B2881AD520060E5BF /* LocationManager.swift in Sources */ = {isa = PBXBuildFile; fileRef = 56A40B2A2881AD520060E5BF /* LocationManager.swift */; };
/* End PBXBuildFile section */

/* Begin PBXContainerItemProxy section */
		56A296A728801CDC000EC91A /* PBXContainerItemProxy */ = {
			isa = PBXContainerItemProxy;
			containerPortal = 56A2969B28801CDC000EC91A /* Project object */;
			proxyType = 1;
			remoteGlobalIDString = 56A296A428801CDC000EC91A;
			remoteInfo = "nc3_app WatchKit App";
		};
		56A296B228801CDD000EC91A /* PBXContainerItemProxy */ = {
			isa = PBXContainerItemProxy;
			containerPortal = 56A2969B28801CDC000EC91A /* Project object */;
			proxyType = 1;
			remoteGlobalIDString = 56A296AF28801CDD000EC91A;
			remoteInfo = "nc3_app WatchKit Extension";
		};
/* End PBXContainerItemProxy section */

/* Begin PBXCopyFilesBuildPhase section */
		56A296CB28801CDE000EC91A /* Embed App Extensions */ = {
			isa = PBXCopyFilesBuildPhase;
			buildActionMask = 2147483647;
			dstPath = "";
			dstSubfolderSpec = 13;
			files = (
				56A296B128801CDD000EC91A /* nc3_app WatchKit Extension.appex in Embed App Extensions */,
			);
			name = "Embed App Extensions";
			runOnlyForDeploymentPostprocessing = 0;
		};
		56A296CF28801CDE000EC91A /* Embed Watch Content */ = {
			isa = PBXCopyFilesBuildPhase;
			buildActionMask = 2147483647;
			dstPath = "$(CONTENTS_FOLDER_PATH)/Watch";
			dstSubfolderSpec = 16;
			files = (
				56A296A628801CDC000EC91A /* nc3_app WatchKit App.app in Embed Watch Content */,
			);
			name = "Embed Watch Content";
			runOnlyForDeploymentPostprocessing = 0;
		};
/* End PBXCopyFilesBuildPhase section */

/* Begin PBXFileReference section */
		1D79AF8028850C5C00B0154C /* OnBoardingSPF.swift */ = {isa = PBXFileReference; lastKnownFileType = sourcecode.swift; path = OnBoardingSPF.swift; sourceTree = "<group>"; };
		1D79AF82288512C900B0154C /* OnBoardingChooseSPF.swift */ = {isa = PBXFileReference; lastKnownFileType = sourcecode.swift; path = OnBoardingChooseSPF.swift; sourceTree = "<group>"; };
		5602DF0D28804F390014FE22 /* ChooseSunscreenView.swift */ = {isa = PBXFileReference; lastKnownFileType = sourcecode.swift; path = ChooseSunscreenView.swift; sourceTree = "<group>"; };
		569F99A22881176A00964BA9 /* DashboardView.swift */ = {isa = PBXFileReference; lastKnownFileType = sourcecode.swift; path = DashboardView.swift; sourceTree = "<group>"; };
		569F99A42881178800964BA9 /* DashboardView-ViewModel.swift */ = {isa = PBXFileReference; lastKnownFileType = sourcecode.swift; path = "DashboardView-ViewModel.swift"; sourceTree = "<group>"; };
		56A296A128801CDC000EC91A /* nc3_app.app */ = {isa = PBXFileReference; explicitFileType = wrapper.application; includeInIndex = 0; path = nc3_app.app; sourceTree = BUILT_PRODUCTS_DIR; };
		56A296A528801CDC000EC91A /* nc3_app WatchKit App.app */ = {isa = PBXFileReference; explicitFileType = wrapper.application; includeInIndex = 0; path = "nc3_app WatchKit App.app"; sourceTree = BUILT_PRODUCTS_DIR; };
		56A296AA28801CDD000EC91A /* Assets.xcassets */ = {isa = PBXFileReference; lastKnownFileType = folder.assetcatalog; path = Assets.xcassets; sourceTree = "<group>"; };
		56A296B028801CDD000EC91A /* nc3_app WatchKit Extension.appex */ = {isa = PBXFileReference; explicitFileType = "wrapper.app-extension"; includeInIndex = 0; path = "nc3_app WatchKit Extension.appex"; sourceTree = BUILT_PRODUCTS_DIR; };
		56A296B528801CDD000EC91A /* nc3_appApp.swift */ = {isa = PBXFileReference; lastKnownFileType = sourcecode.swift; path = nc3_appApp.swift; sourceTree = "<group>"; };
		56A296B728801CDD000EC91A /* ContentView.swift */ = {isa = PBXFileReference; lastKnownFileType = sourcecode.swift; path = ContentView.swift; sourceTree = "<group>"; };
		56A296B928801CDD000EC91A /* NotificationController.swift */ = {isa = PBXFileReference; lastKnownFileType = sourcecode.swift; path = NotificationController.swift; sourceTree = "<group>"; };
		56A296BB28801CDD000EC91A /* NotificationView.swift */ = {isa = PBXFileReference; lastKnownFileType = sourcecode.swift; path = NotificationView.swift; sourceTree = "<group>"; };
		56A296BD28801CDD000EC91A /* ComplicationController.swift */ = {isa = PBXFileReference; lastKnownFileType = sourcecode.swift; path = ComplicationController.swift; sourceTree = "<group>"; };
		56A296BF28801CDE000EC91A /* Assets.xcassets */ = {isa = PBXFileReference; lastKnownFileType = folder.assetcatalog; path = Assets.xcassets; sourceTree = "<group>"; };
		56A296C228801CDE000EC91A /* Preview Assets.xcassets */ = {isa = PBXFileReference; lastKnownFileType = folder.assetcatalog; path = "Preview Assets.xcassets"; sourceTree = "<group>"; };
		56A296C428801CDE000EC91A /* Info.plist */ = {isa = PBXFileReference; lastKnownFileType = text.plist.xml; path = Info.plist; sourceTree = "<group>"; };
		56A296C528801CDE000EC91A /* PushNotificationPayload.apns */ = {isa = PBXFileReference; lastKnownFileType = text; path = PushNotificationPayload.apns; sourceTree = "<group>"; };
		56A296D72880229A000EC91A /* OneCallApiModel.swift */ = {isa = PBXFileReference; lastKnownFileType = sourcecode.swift; path = OneCallApiModel.swift; sourceTree = "<group>"; };
		56A296D928802DE0000EC91A /* FetchRequest.swift */ = {isa = PBXFileReference; lastKnownFileType = sourcecode.swift; path = FetchRequest.swift; sourceTree = "<group>"; };
		56A40B2A2881AD520060E5BF /* LocationManager.swift */ = {isa = PBXFileReference; lastKnownFileType = sourcecode.swift; path = LocationManager.swift; sourceTree = "<group>"; };
/* End PBXFileReference section */

/* Begin PBXFrameworksBuildPhase section */
		56A296AD28801CDD000EC91A /* Frameworks */ = {
			isa = PBXFrameworksBuildPhase;
			buildActionMask = 2147483647;
			files = (
			);
			runOnlyForDeploymentPostprocessing = 0;
		};
/* End PBXFrameworksBuildPhase section */

/* Begin PBXGroup section */
		56A2969A28801CDC000EC91A = {
			isa = PBXGroup;
			children = (
				56A296A928801CDC000EC91A /* nc3_app WatchKit App */,
				56A296B428801CDD000EC91A /* nc3_app WatchKit Extension */,
				56A296A228801CDC000EC91A /* Products */,
			);
			sourceTree = "<group>";
		};
		56A296A228801CDC000EC91A /* Products */ = {
			isa = PBXGroup;
			children = (
				56A296A128801CDC000EC91A /* nc3_app.app */,
				56A296A528801CDC000EC91A /* nc3_app WatchKit App.app */,
				56A296B028801CDD000EC91A /* nc3_app WatchKit Extension.appex */,
			);
			name = Products;
			sourceTree = "<group>";
		};
		56A296A928801CDC000EC91A /* nc3_app WatchKit App */ = {
			isa = PBXGroup;
			children = (
				56A296AA28801CDD000EC91A /* Assets.xcassets */,
			);
			path = "nc3_app WatchKit App";
			sourceTree = "<group>";
		};
		56A296B428801CDD000EC91A /* nc3_app WatchKit Extension */ = {
			isa = PBXGroup;
			children = (
				56A40B2A2881AD520060E5BF /* LocationManager.swift */,
				56A296D628801D55000EC91A /* Core */,
				56A296D428801D05000EC91A /* Model */,
				56A296D328801CFF000EC91A /* View */,
				56A296D528801D0A000EC91A /* ViewModel */,
				56A296BF28801CDE000EC91A /* Assets.xcassets */,
				56A296C428801CDE000EC91A /* Info.plist */,
				56A296C528801CDE000EC91A /* PushNotificationPayload.apns */,
				56A296C128801CDE000EC91A /* Preview Content */,
			);
			path = "nc3_app WatchKit Extension";
			sourceTree = "<group>";
		};
		56A296C128801CDE000EC91A /* Preview Content */ = {
			isa = PBXGroup;
			children = (
				56A296C228801CDE000EC91A /* Preview Assets.xcassets */,
			);
			path = "Preview Content";
			sourceTree = "<group>";
		};
		56A296D328801CFF000EC91A /* View */ = {
			isa = PBXGroup;
			children = (
				5602DF0D28804F390014FE22 /* ChooseSunscreenView.swift */,
				569F99A22881176A00964BA9 /* DashboardView.swift */,
				1D79AF8028850C5C00B0154C /* OnBoardingSPF.swift */,
				1D79AF82288512C900B0154C /* OnBoardingChooseSPF.swift */,
			);
			path = View;
			sourceTree = "<group>";
		};
		56A296D428801D05000EC91A /* Model */ = {
			isa = PBXGroup;
			children = (
				56A296D72880229A000EC91A /* OneCallApiModel.swift */,
			);
			path = Model;
			sourceTree = "<group>";
		};
		56A296D528801D0A000EC91A /* ViewModel */ = {
			isa = PBXGroup;
			children = (
				56A296D928802DE0000EC91A /* FetchRequest.swift */,
				569F99A42881178800964BA9 /* DashboardView-ViewModel.swift */,
			);
			path = ViewModel;
			sourceTree = "<group>";
		};
		56A296D628801D55000EC91A /* Core */ = {
			isa = PBXGroup;
			children = (
				56A296B528801CDD000EC91A /* nc3_appApp.swift */,
				56A296B728801CDD000EC91A /* ContentView.swift */,
				56A296B928801CDD000EC91A /* NotificationController.swift */,
				56A296BB28801CDD000EC91A /* NotificationView.swift */,
				56A296BD28801CDD000EC91A /* ComplicationController.swift */,
			);
			path = Core;
			sourceTree = "<group>";
		};
/* End PBXGroup section */

/* Begin PBXNativeTarget section */
		56A296A028801CDC000EC91A /* nc3_app */ = {
			isa = PBXNativeTarget;
			buildConfigurationList = 56A296D028801CDE000EC91A /* Build configuration list for PBXNativeTarget "nc3_app" */;
			buildPhases = (
				56A2969F28801CDC000EC91A /* Resources */,
				56A296CF28801CDE000EC91A /* Embed Watch Content */,
			);
			buildRules = (
			);
			dependencies = (
				56A296A828801CDC000EC91A /* PBXTargetDependency */,
			);
			name = nc3_app;
			productName = nc3_app;
			productReference = 56A296A128801CDC000EC91A /* nc3_app.app */;
			productType = "com.apple.product-type.application.watchapp2-container";
		};
		56A296A428801CDC000EC91A /* nc3_app WatchKit App */ = {
			isa = PBXNativeTarget;
			buildConfigurationList = 56A296CC28801CDE000EC91A /* Build configuration list for PBXNativeTarget "nc3_app WatchKit App" */;
			buildPhases = (
				56A296A328801CDC000EC91A /* Resources */,
				56A296CB28801CDE000EC91A /* Embed App Extensions */,
			);
			buildRules = (
			);
			dependencies = (
				56A296B328801CDD000EC91A /* PBXTargetDependency */,
			);
			name = "nc3_app WatchKit App";
			productName = "nc3_app WatchKit App";
			productReference = 56A296A528801CDC000EC91A /* nc3_app WatchKit App.app */;
			productType = "com.apple.product-type.application.watchapp2";
		};
		56A296AF28801CDD000EC91A /* nc3_app WatchKit Extension */ = {
			isa = PBXNativeTarget;
			buildConfigurationList = 56A296C828801CDE000EC91A /* Build configuration list for PBXNativeTarget "nc3_app WatchKit Extension" */;
			buildPhases = (
				56A296AC28801CDD000EC91A /* Sources */,
				56A296AD28801CDD000EC91A /* Frameworks */,
				56A296AE28801CDD000EC91A /* Resources */,
			);
			buildRules = (
			);
			dependencies = (
			);
			name = "nc3_app WatchKit Extension";
			productName = "nc3_app WatchKit Extension";
			productReference = 56A296B028801CDD000EC91A /* nc3_app WatchKit Extension.appex */;
			productType = "com.apple.product-type.watchkit2-extension";
		};
/* End PBXNativeTarget section */

/* Begin PBXProject section */
		56A2969B28801CDC000EC91A /* Project object */ = {
			isa = PBXProject;
			attributes = {
				BuildIndependentTargetsInParallel = 1;
				LastSwiftUpdateCheck = 1340;
				LastUpgradeCheck = 1340;
				TargetAttributes = {
					56A296A028801CDC000EC91A = {
						CreatedOnToolsVersion = 13.4.1;
					};
					56A296A428801CDC000EC91A = {
						CreatedOnToolsVersion = 13.4.1;
					};
					56A296AF28801CDD000EC91A = {
						CreatedOnToolsVersion = 13.4.1;
					};
				};
			};
			buildConfigurationList = 56A2969E28801CDC000EC91A /* Build configuration list for PBXProject "nc3_app" */;
			compatibilityVersion = "Xcode 13.0";
			developmentRegion = en;
			hasScannedForEncodings = 0;
			knownRegions = (
				en,
				Base,
			);
			mainGroup = 56A2969A28801CDC000EC91A;
			productRefGroup = 56A296A228801CDC000EC91A /* Products */;
			projectDirPath = "";
			projectRoot = "";
			targets = (
				56A296A028801CDC000EC91A /* nc3_app */,
				56A296A428801CDC000EC91A /* nc3_app WatchKit App */,
				56A296AF28801CDD000EC91A /* nc3_app WatchKit Extension */,
			);
		};
/* End PBXProject section */

/* Begin PBXResourcesBuildPhase section */
		56A2969F28801CDC000EC91A /* Resources */ = {
			isa = PBXResourcesBuildPhase;
			buildActionMask = 2147483647;
			files = (
			);
			runOnlyForDeploymentPostprocessing = 0;
		};
		56A296A328801CDC000EC91A /* Resources */ = {
			isa = PBXResourcesBuildPhase;
			buildActionMask = 2147483647;
			files = (
				56A296AB28801CDD000EC91A /* Assets.xcassets in Resources */,
			);
			runOnlyForDeploymentPostprocessing = 0;
		};
		56A296AE28801CDD000EC91A /* Resources */ = {
			isa = PBXResourcesBuildPhase;
			buildActionMask = 2147483647;
			files = (
				56A296C328801CDE000EC91A /* Preview Assets.xcassets in Resources */,
				56A296C028801CDE000EC91A /* Assets.xcassets in Resources */,
			);
			runOnlyForDeploymentPostprocessing = 0;
		};
/* End PBXResourcesBuildPhase section */

/* Begin PBXSourcesBuildPhase section */
		56A296AC28801CDD000EC91A /* Sources */ = {
			isa = PBXSourcesBuildPhase;
			buildActionMask = 2147483647;
			files = (
				56A296BA28801CDD000EC91A /* NotificationController.swift in Sources */,
				56A296B828801CDD000EC91A /* ContentView.swift in Sources */,
				1D79AF8128850C5C00B0154C /* OnBoardingSPF.swift in Sources */,
				569F99A52881178800964BA9 /* DashboardView-ViewModel.swift in Sources */,
				56A40B2B2881AD520060E5BF /* LocationManager.swift in Sources */,
				56A296D82880229A000EC91A /* OneCallApiModel.swift in Sources */,
				1D79AF83288512C900B0154C /* OnBoardingChooseSPF.swift in Sources */,
				56A296BE28801CDD000EC91A /* ComplicationController.swift in Sources */,
				569F99A32881176A00964BA9 /* DashboardView.swift in Sources */,
				56A296DA28802DE0000EC91A /* FetchRequest.swift in Sources */,
				56A296B628801CDD000EC91A /* nc3_appApp.swift in Sources */,
				5602DF0E28804F390014FE22 /* ChooseSunscreenView.swift in Sources */,
				56A296BC28801CDD000EC91A /* NotificationView.swift in Sources */,
			);
			runOnlyForDeploymentPostprocessing = 0;
		};
/* End PBXSourcesBuildPhase section */

/* Begin PBXTargetDependency section */
		56A296A828801CDC000EC91A /* PBXTargetDependency */ = {
			isa = PBXTargetDependency;
			target = 56A296A428801CDC000EC91A /* nc3_app WatchKit App */;
			targetProxy = 56A296A728801CDC000EC91A /* PBXContainerItemProxy */;
		};
		56A296B328801CDD000EC91A /* PBXTargetDependency */ = {
			isa = PBXTargetDependency;
			target = 56A296AF28801CDD000EC91A /* nc3_app WatchKit Extension */;
			targetProxy = 56A296B228801CDD000EC91A /* PBXContainerItemProxy */;
		};
/* End PBXTargetDependency section */

/* Begin XCBuildConfiguration section */
		56A296C628801CDE000EC91A /* Debug */ = {
			isa = XCBuildConfiguration;
			buildSettings = {
				ALWAYS_SEARCH_USER_PATHS = NO;
				CLANG_ANALYZER_NONNULL = YES;
				CLANG_ANALYZER_NUMBER_OBJECT_CONVERSION = YES_AGGRESSIVE;
				CLANG_CXX_LANGUAGE_STANDARD = "gnu++17";
				CLANG_ENABLE_MODULES = YES;
				CLANG_ENABLE_OBJC_ARC = YES;
				CLANG_ENABLE_OBJC_WEAK = YES;
				CLANG_WARN_BLOCK_CAPTURE_AUTORELEASING = YES;
				CLANG_WARN_BOOL_CONVERSION = YES;
				CLANG_WARN_COMMA = YES;
				CLANG_WARN_CONSTANT_CONVERSION = YES;
				CLANG_WARN_DEPRECATED_OBJC_IMPLEMENTATIONS = YES;
				CLANG_WARN_DIRECT_OBJC_ISA_USAGE = YES_ERROR;
				CLANG_WARN_DOCUMENTATION_COMMENTS = YES;
				CLANG_WARN_EMPTY_BODY = YES;
				CLANG_WARN_ENUM_CONVERSION = YES;
				CLANG_WARN_INFINITE_RECURSION = YES;
				CLANG_WARN_INT_CONVERSION = YES;
				CLANG_WARN_NON_LITERAL_NULL_CONVERSION = YES;
				CLANG_WARN_OBJC_IMPLICIT_RETAIN_SELF = YES;
				CLANG_WARN_OBJC_LITERAL_CONVERSION = YES;
				CLANG_WARN_OBJC_ROOT_CLASS = YES_ERROR;
				CLANG_WARN_QUOTED_INCLUDE_IN_FRAMEWORK_HEADER = YES;
				CLANG_WARN_RANGE_LOOP_ANALYSIS = YES;
				CLANG_WARN_STRICT_PROTOTYPES = YES;
				CLANG_WARN_SUSPICIOUS_MOVE = YES;
				CLANG_WARN_UNGUARDED_AVAILABILITY = YES_AGGRESSIVE;
				CLANG_WARN_UNREACHABLE_CODE = YES;
				CLANG_WARN__DUPLICATE_METHOD_MATCH = YES;
				COPY_PHASE_STRIP = NO;
				DEBUG_INFORMATION_FORMAT = dwarf;
				ENABLE_STRICT_OBJC_MSGSEND = YES;
				ENABLE_TESTABILITY = YES;
				GCC_C_LANGUAGE_STANDARD = gnu11;
				GCC_DYNAMIC_NO_PIC = NO;
				GCC_NO_COMMON_BLOCKS = YES;
				GCC_OPTIMIZATION_LEVEL = 0;
				GCC_PREPROCESSOR_DEFINITIONS = (
					"DEBUG=1",
					"$(inherited)",
				);
				GCC_WARN_64_TO_32_BIT_CONVERSION = YES;
				GCC_WARN_ABOUT_RETURN_TYPE = YES_ERROR;
				GCC_WARN_UNDECLARED_SELECTOR = YES;
				GCC_WARN_UNINITIALIZED_AUTOS = YES_AGGRESSIVE;
				GCC_WARN_UNUSED_FUNCTION = YES;
				GCC_WARN_UNUSED_VARIABLE = YES;
				MTL_ENABLE_DEBUG_INFO = INCLUDE_SOURCE;
				MTL_FAST_MATH = YES;
				ONLY_ACTIVE_ARCH = YES;
				SDKROOT = iphoneos;
				SWIFT_ACTIVE_COMPILATION_CONDITIONS = DEBUG;
				SWIFT_OPTIMIZATION_LEVEL = "-Onone";
			};
			name = Debug;
		};
		56A296C728801CDE000EC91A /* Release */ = {
			isa = XCBuildConfiguration;
			buildSettings = {
				ALWAYS_SEARCH_USER_PATHS = NO;
				CLANG_ANALYZER_NONNULL = YES;
				CLANG_ANALYZER_NUMBER_OBJECT_CONVERSION = YES_AGGRESSIVE;
				CLANG_CXX_LANGUAGE_STANDARD = "gnu++17";
				CLANG_ENABLE_MODULES = YES;
				CLANG_ENABLE_OBJC_ARC = YES;
				CLANG_ENABLE_OBJC_WEAK = YES;
				CLANG_WARN_BLOCK_CAPTURE_AUTORELEASING = YES;
				CLANG_WARN_BOOL_CONVERSION = YES;
				CLANG_WARN_COMMA = YES;
				CLANG_WARN_CONSTANT_CONVERSION = YES;
				CLANG_WARN_DEPRECATED_OBJC_IMPLEMENTATIONS = YES;
				CLANG_WARN_DIRECT_OBJC_ISA_USAGE = YES_ERROR;
				CLANG_WARN_DOCUMENTATION_COMMENTS = YES;
				CLANG_WARN_EMPTY_BODY = YES;
				CLANG_WARN_ENUM_CONVERSION = YES;
				CLANG_WARN_INFINITE_RECURSION = YES;
				CLANG_WARN_INT_CONVERSION = YES;
				CLANG_WARN_NON_LITERAL_NULL_CONVERSION = YES;
				CLANG_WARN_OBJC_IMPLICIT_RETAIN_SELF = YES;
				CLANG_WARN_OBJC_LITERAL_CONVERSION = YES;
				CLANG_WARN_OBJC_ROOT_CLASS = YES_ERROR;
				CLANG_WARN_QUOTED_INCLUDE_IN_FRAMEWORK_HEADER = YES;
				CLANG_WARN_RANGE_LOOP_ANALYSIS = YES;
				CLANG_WARN_STRICT_PROTOTYPES = YES;
				CLANG_WARN_SUSPICIOUS_MOVE = YES;
				CLANG_WARN_UNGUARDED_AVAILABILITY = YES_AGGRESSIVE;
				CLANG_WARN_UNREACHABLE_CODE = YES;
				CLANG_WARN__DUPLICATE_METHOD_MATCH = YES;
				COPY_PHASE_STRIP = NO;
				DEBUG_INFORMATION_FORMAT = "dwarf-with-dsym";
				ENABLE_NS_ASSERTIONS = NO;
				ENABLE_STRICT_OBJC_MSGSEND = YES;
				GCC_C_LANGUAGE_STANDARD = gnu11;
				GCC_NO_COMMON_BLOCKS = YES;
				GCC_WARN_64_TO_32_BIT_CONVERSION = YES;
				GCC_WARN_ABOUT_RETURN_TYPE = YES_ERROR;
				GCC_WARN_UNDECLARED_SELECTOR = YES;
				GCC_WARN_UNINITIALIZED_AUTOS = YES_AGGRESSIVE;
				GCC_WARN_UNUSED_FUNCTION = YES;
				GCC_WARN_UNUSED_VARIABLE = YES;
				MTL_ENABLE_DEBUG_INFO = NO;
				MTL_FAST_MATH = YES;
				SDKROOT = iphoneos;
				SWIFT_COMPILATION_MODE = wholemodule;
				SWIFT_OPTIMIZATION_LEVEL = "-O";
				VALIDATE_PRODUCT = YES;
			};
			name = Release;
		};
		56A296C928801CDE000EC91A /* Debug */ = {
			isa = XCBuildConfiguration;
			buildSettings = {
				ASSETCATALOG_COMPILER_COMPLICATION_NAME = Complication;
				CODE_SIGN_STYLE = Automatic;
				CURRENT_PROJECT_VERSION = 1;
				DEVELOPMENT_ASSET_PATHS = "\"nc3_app WatchKit Extension/Preview Content\"";
				DEVELOPMENT_TEAM = KFD27J2TGQ;
				ENABLE_PREVIEWS = YES;
				GENERATE_INFOPLIST_FILE = YES;
				INFOPLIST_FILE = "nc3_app WatchKit Extension/Info.plist";
				INFOPLIST_KEY_CFBundleDisplayName = "nc3_app WatchKit Extension";
				INFOPLIST_KEY_CLKComplicationPrincipalClass = nc3_app_WatchKit_Extension.ComplicationController;
				INFOPLIST_KEY_NSHumanReadableCopyright = "";
				INFOPLIST_KEY_NSLocationWhenInUseUsageDescription = "This app will acces location to provide weaher and UV Index based on your location";
				INFOPLIST_KEY_WKWatchOnly = YES;
				LD_RUNPATH_SEARCH_PATHS = (
					"$(inherited)",
					"@executable_path/Frameworks",
					"@executable_path/../../Frameworks",
				);
				MARKETING_VERSION = 1.0;
				PRODUCT_BUNDLE_IDENTIFIER = "com.rsilitonga.nc3-app.watchkitapp.watchkitextension";
				PRODUCT_NAME = "${TARGET_NAME}";
				SDKROOT = watchos;
				SKIP_INSTALL = YES;
				SWIFT_EMIT_LOC_STRINGS = YES;
				SWIFT_VERSION = 5.0;
				TARGETED_DEVICE_FAMILY = 4;
				WATCHOS_DEPLOYMENT_TARGET = 8.5;
			};
			name = Debug;
		};
		56A296CA28801CDE000EC91A /* Release */ = {
			isa = XCBuildConfiguration;
			buildSettings = {
				ASSETCATALOG_COMPILER_COMPLICATION_NAME = Complication;
				CODE_SIGN_STYLE = Automatic;
				CURRENT_PROJECT_VERSION = 1;
				DEVELOPMENT_ASSET_PATHS = "\"nc3_app WatchKit Extension/Preview Content\"";
				DEVELOPMENT_TEAM = KFD27J2TGQ;
				ENABLE_PREVIEWS = YES;
				GENERATE_INFOPLIST_FILE = YES;
				INFOPLIST_FILE = "nc3_app WatchKit Extension/Info.plist";
				INFOPLIST_KEY_CFBundleDisplayName = "nc3_app WatchKit Extension";
				INFOPLIST_KEY_CLKComplicationPrincipalClass = nc3_app_WatchKit_Extension.ComplicationController;
				INFOPLIST_KEY_NSHumanReadableCopyright = "";
				INFOPLIST_KEY_NSLocationWhenInUseUsageDescription = "This app will acces location to provide weaher and UV Index based on your location";
				INFOPLIST_KEY_WKWatchOnly = YES;
				LD_RUNPATH_SEARCH_PATHS = (
					"$(inherited)",
					"@executable_path/Frameworks",
					"@executable_path/../../Frameworks",
				);
				MARKETING_VERSION = 1.0;
				PRODUCT_BUNDLE_IDENTIFIER = "com.rsilitonga.nc3-app.watchkitapp.watchkitextension";
				PRODUCT_NAME = "${TARGET_NAME}";
				SDKROOT = watchos;
				SKIP_INSTALL = YES;
				SWIFT_EMIT_LOC_STRINGS = YES;
				SWIFT_VERSION = 5.0;
				TARGETED_DEVICE_FAMILY = 4;
				WATCHOS_DEPLOYMENT_TARGET = 8.5;
			};
			name = Release;
		};
		56A296CD28801CDE000EC91A /* Debug */ = {
			isa = XCBuildConfiguration;
			buildSettings = {
				ALWAYS_EMBED_SWIFT_STANDARD_LIBRARIES = YES;
				ASSETCATALOG_COMPILER_APPICON_NAME = AppIcon;
				ASSETCATALOG_COMPILER_GLOBAL_ACCENT_COLOR_NAME = AccentColor;
				CODE_SIGN_STYLE = Automatic;
				CURRENT_PROJECT_VERSION = 1;
				DEVELOPMENT_TEAM = KFD27J2TGQ;
				GENERATE_INFOPLIST_FILE = YES;
				IBSC_MODULE = nc3_app_WatchKit_Extension;
				INFOPLIST_KEY_CFBundleDisplayName = "nc3_app WatchKit App";
				INFOPLIST_KEY_UISupportedInterfaceOrientations = "UIInterfaceOrientationPortrait UIInterfaceOrientationPortraitUpsideDown";
				MARKETING_VERSION = 1.0;
				PRODUCT_BUNDLE_IDENTIFIER = "com.rsilitonga.nc3-app.watchkitapp";
				PRODUCT_NAME = "$(TARGET_NAME)";
				SDKROOT = watchos;
				SKIP_INSTALL = YES;
				SWIFT_EMIT_LOC_STRINGS = YES;
				SWIFT_VERSION = 5.0;
				TARGETED_DEVICE_FAMILY = 4;
				WATCHOS_DEPLOYMENT_TARGET = 8.5;
			};
			name = Debug;
		};
		56A296CE28801CDE000EC91A /* Release */ = {
			isa = XCBuildConfiguration;
			buildSettings = {
				ALWAYS_EMBED_SWIFT_STANDARD_LIBRARIES = YES;
				ASSETCATALOG_COMPILER_APPICON_NAME = AppIcon;
				ASSETCATALOG_COMPILER_GLOBAL_ACCENT_COLOR_NAME = AccentColor;
				CODE_SIGN_STYLE = Automatic;
				CURRENT_PROJECT_VERSION = 1;
				DEVELOPMENT_TEAM = KFD27J2TGQ;
				GENERATE_INFOPLIST_FILE = YES;
				IBSC_MODULE = nc3_app_WatchKit_Extension;
				INFOPLIST_KEY_CFBundleDisplayName = "nc3_app WatchKit App";
				INFOPLIST_KEY_UISupportedInterfaceOrientations = "UIInterfaceOrientationPortrait UIInterfaceOrientationPortraitUpsideDown";
				MARKETING_VERSION = 1.0;
				PRODUCT_BUNDLE_IDENTIFIER = "com.rsilitonga.nc3-app.watchkitapp";
				PRODUCT_NAME = "$(TARGET_NAME)";
				SDKROOT = watchos;
				SKIP_INSTALL = YES;
				SWIFT_EMIT_LOC_STRINGS = YES;
				SWIFT_VERSION = 5.0;
				TARGETED_DEVICE_FAMILY = 4;
				WATCHOS_DEPLOYMENT_TARGET = 8.5;
			};
			name = Release;
		};
		56A296D128801CDE000EC91A /* Debug */ = {
			isa = XCBuildConfiguration;
			buildSettings = {
				CODE_SIGN_STYLE = Automatic;
				CURRENT_PROJECT_VERSION = 1;
				DEVELOPMENT_TEAM = KFD27J2TGQ;
				MARKETING_VERSION = 1.0;
				PRODUCT_BUNDLE_IDENTIFIER = "com.rsilitonga.nc3-app";
				PRODUCT_NAME = "$(TARGET_NAME)";
				SWIFT_VERSION = 5.0;
			};
			name = Debug;
		};
		56A296D228801CDE000EC91A /* Release */ = {
			isa = XCBuildConfiguration;
			buildSettings = {
				CODE_SIGN_STYLE = Automatic;
				CURRENT_PROJECT_VERSION = 1;
				DEVELOPMENT_TEAM = KFD27J2TGQ;
				MARKETING_VERSION = 1.0;
				PRODUCT_BUNDLE_IDENTIFIER = "com.rsilitonga.nc3-app";
				PRODUCT_NAME = "$(TARGET_NAME)";
				SWIFT_VERSION = 5.0;
			};
			name = Release;
		};
/* End XCBuildConfiguration section */

/* Begin XCConfigurationList section */
		56A2969E28801CDC000EC91A /* Build configuration list for PBXProject "nc3_app" */ = {
			isa = XCConfigurationList;
			buildConfigurations = (
				56A296C628801CDE000EC91A /* Debug */,
				56A296C728801CDE000EC91A /* Release */,
			);
			defaultConfigurationIsVisible = 0;
			defaultConfigurationName = Release;
		};
		56A296C828801CDE000EC91A /* Build configuration list for PBXNativeTarget "nc3_app WatchKit Extension" */ = {
			isa = XCConfigurationList;
			buildConfigurations = (
				56A296C928801CDE000EC91A /* Debug */,
				56A296CA28801CDE000EC91A /* Release */,
			);
			defaultConfigurationIsVisible = 0;
			defaultConfigurationName = Release;
		};
		56A296CC28801CDE000EC91A /* Build configuration list for PBXNativeTarget "nc3_app WatchKit App" */ = {
			isa = XCConfigurationList;
			buildConfigurations = (
				56A296CD28801CDE000EC91A /* Debug */,
				56A296CE28801CDE000EC91A /* Release */,
			);
			defaultConfigurationIsVisible = 0;
			defaultConfigurationName = Release;
		};
		56A296D028801CDE000EC91A /* Build configuration list for PBXNativeTarget "nc3_app" */ = {
			isa = XCConfigurationList;
			buildConfigurations = (
				56A296D128801CDE000EC91A /* Debug */,
				56A296D228801CDE000EC91A /* Release */,
			);
			defaultConfigurationIsVisible = 0;
			defaultConfigurationName = Release;
		};
/* End XCConfigurationList section */
	};
	rootObject = 56A2969B28801CDC000EC91A /* Project object */;
}
